// !$*UTF8*$!
{
	archiveVersion = 1;
	classes = {
	};
	objectVersion = 52;
	objects = {

/* Begin PBXBuildFile section */
		F7713928249586B600B43203 /* AppDelegate.swift in Sources */ = {isa = PBXBuildFile; fileRef = F7713927249586B600B43203 /* AppDelegate.swift */; };
		F771392A249586B600B43203 /* SceneDelegate.swift in Sources */ = {isa = PBXBuildFile; fileRef = F7713929249586B600B43203 /* SceneDelegate.swift */; };
		F771392C249586B600B43203 /* ContentView.swift in Sources */ = {isa = PBXBuildFile; fileRef = F771392B249586B600B43203 /* ContentView.swift */; };
		F771392E249586B700B43203 /* Assets.xcassets in Resources */ = {isa = PBXBuildFile; fileRef = F771392D249586B700B43203 /* Assets.xcassets */; };
		F7713931249586B700B43203 /* Preview Assets.xcassets in Resources */ = {isa = PBXBuildFile; fileRef = F7713930249586B700B43203 /* Preview Assets.xcassets */; };
		F7713934249586B700B43203 /* LaunchScreen.storyboard in Resources */ = {isa = PBXBuildFile; fileRef = F7713932249586B700B43203 /* LaunchScreen.storyboard */; };
		F771394024958E3C00B43203 /* CardView.swift in Sources */ = {isa = PBXBuildFile; fileRef = F771393F24958E3C00B43203 /* CardView.swift */; };
		F77139442495AB1200B43203 /* VectorMath.swift in Sources */ = {isa = PBXBuildFile; fileRef = F77139432495AB1200B43203 /* VectorMath.swift */; };
		F77139472495B49800B43203 /* Surge in Frameworks */ = {isa = PBXBuildFile; productRef = F77139462495B49800B43203 /* Surge */; };
		F7713949249828AA00B43203 /* AllOperationsModel.swift in Sources */ = {isa = PBXBuildFile; fileRef = F7713948249828AA00B43203 /* AllOperationsModel.swift */; };
/* End PBXBuildFile section */

/* Begin PBXFileReference section */
		F7713924249586B600B43203 /* ECE564_Project.app */ = {isa = PBXFileReference; explicitFileType = wrapper.application; includeInIndex = 0; path = ECE564_Project.app; sourceTree = BUILT_PRODUCTS_DIR; };
		F7713927249586B600B43203 /* AppDelegate.swift */ = {isa = PBXFileReference; lastKnownFileType = sourcecode.swift; path = AppDelegate.swift; sourceTree = "<group>"; };
		F7713929249586B600B43203 /* SceneDelegate.swift */ = {isa = PBXFileReference; lastKnownFileType = sourcecode.swift; path = SceneDelegate.swift; sourceTree = "<group>"; };
		F771392B249586B600B43203 /* ContentView.swift */ = {isa = PBXFileReference; lastKnownFileType = sourcecode.swift; path = ContentView.swift; sourceTree = "<group>"; };
		F771392D249586B700B43203 /* Assets.xcassets */ = {isa = PBXFileReference; lastKnownFileType = folder.assetcatalog; path = Assets.xcassets; sourceTree = "<group>"; };
		F7713930249586B700B43203 /* Preview Assets.xcassets */ = {isa = PBXFileReference; lastKnownFileType = folder.assetcatalog; path = "Preview Assets.xcassets"; sourceTree = "<group>"; };
		F7713933249586B700B43203 /* Base */ = {isa = PBXFileReference; lastKnownFileType = file.storyboard; name = Base; path = Base.lproj/LaunchScreen.storyboard; sourceTree = "<group>"; };
		F7713935249586B700B43203 /* Info.plist */ = {isa = PBXFileReference; lastKnownFileType = text.plist.xml; path = Info.plist; sourceTree = "<group>"; };
		F771393F24958E3C00B43203 /* CardView.swift */ = {isa = PBXFileReference; lastKnownFileType = sourcecode.swift; path = CardView.swift; sourceTree = "<group>"; };
		F77139432495AB1200B43203 /* VectorMath.swift */ = {isa = PBXFileReference; lastKnownFileType = sourcecode.swift; path = VectorMath.swift; sourceTree = "<group>"; };
		F7713948249828AA00B43203 /* AllOperationsModel.swift */ = {isa = PBXFileReference; lastKnownFileType = sourcecode.swift; path = AllOperationsModel.swift; sourceTree = "<group>"; };
/* End PBXFileReference section */

/* Begin PBXFrameworksBuildPhase section */
		F7713921249586B600B43203 /* Frameworks */ = {
			isa = PBXFrameworksBuildPhase;
			buildActionMask = 2147483647;
			files = (
				F77139472495B49800B43203 /* Surge in Frameworks */,
			);
			runOnlyForDeploymentPostprocessing = 0;
		};
/* End PBXFrameworksBuildPhase section */

/* Begin PBXGroup section */
		F771391B249586B600B43203 = {
			isa = PBXGroup;
			children = (
				F7713926249586B600B43203 /* ECE564_Project */,
				F7713925249586B600B43203 /* Products */,
			);
			sourceTree = "<group>";
		};
		F7713925249586B600B43203 /* Products */ = {
			isa = PBXGroup;
			children = (
				F7713924249586B600B43203 /* ECE564_Project.app */,
			);
			name = Products;
			sourceTree = "<group>";
		};
		F7713926249586B600B43203 /* ECE564_Project */ = {
			isa = PBXGroup;
			children = (
				F7713935249586B700B43203 /* Info.plist */,
				F7713927249586B600B43203 /* AppDelegate.swift */,
				F771393F24958E3C00B43203 /* CardView.swift */,
				F771392B249586B600B43203 /* ContentView.swift */,
				F7713929249586B600B43203 /* SceneDelegate.swift */,
				F77139432495AB1200B43203 /* VectorMath.swift */,
				F771392D249586B700B43203 /* Assets.xcassets */,
				F7713932249586B700B43203 /* LaunchScreen.storyboard */,
				F771393E24958D3D00B43203 /* Models */,
				F771392F249586B700B43203 /* Preview Content */,
			);
			path = ECE564_Project;
			sourceTree = "<group>";
		};
		F771392F249586B700B43203 /* Preview Content */ = {
			isa = PBXGroup;
			children = (
				F7713930249586B700B43203 /* Preview Assets.xcassets */,
			);
			path = "Preview Content";
			sourceTree = "<group>";
		};
		F771393E24958D3D00B43203 /* Models */ = {
			isa = PBXGroup;
			children = (
				F7713948249828AA00B43203 /* AllOperationsModel.swift */,
			);
			path = Models;
			sourceTree = "<group>";
		};
/* End PBXGroup section */

/* Begin PBXNativeTarget section */
		F7713923249586B600B43203 /* ECE564_Project */ = {
			isa = PBXNativeTarget;
			buildConfigurationList = F7713938249586B700B43203 /* Build configuration list for PBXNativeTarget "ECE564_Project" */;
			buildPhases = (
				F7713920249586B600B43203 /* Sources */,
				F7713921249586B600B43203 /* Frameworks */,
				F7713922249586B600B43203 /* Resources */,
			);
			buildRules = (
			);
			dependencies = (
			);
			name = ECE564_Project;
			packageProductDependencies = (
				F77139462495B49800B43203 /* Surge */,
			);
			productName = ECE564_Project;
			productReference = F7713924249586B600B43203 /* ECE564_Project.app */;
			productType = "com.apple.product-type.application";
		};
/* End PBXNativeTarget section */

/* Begin PBXProject section */
		F771391C249586B600B43203 /* Project object */ = {
			isa = PBXProject;
			attributes = {
				LastSwiftUpdateCheck = 1150;
				LastUpgradeCheck = 1150;
				ORGANIZATIONNAME = "Achintya Kumar";
				TargetAttributes = {
					F7713923249586B600B43203 = {
						CreatedOnToolsVersion = 11.5;
					};
				};
			};
			buildConfigurationList = F771391F249586B600B43203 /* Build configuration list for PBXProject "ECE564_Project" */;
			compatibilityVersion = "Xcode 9.3";
			developmentRegion = en;
			hasScannedForEncodings = 0;
			knownRegions = (
				en,
				Base,
			);
			mainGroup = F771391B249586B600B43203;
			packageReferences = (
				F77139452495B49800B43203 /* XCRemoteSwiftPackageReference "Surge" */,
			);
			productRefGroup = F7713925249586B600B43203 /* Products */;
			projectDirPath = "";
			projectRoot = "";
			targets = (
				F7713923249586B600B43203 /* ECE564_Project */,
			);
		};
/* End PBXProject section */

/* Begin PBXResourcesBuildPhase section */
		F7713922249586B600B43203 /* Resources */ = {
			isa = PBXResourcesBuildPhase;
			buildActionMask = 2147483647;
			files = (
				F7713934249586B700B43203 /* LaunchScreen.storyboard in Resources */,
				F7713931249586B700B43203 /* Preview Assets.xcassets in Resources */,
				F771392E249586B700B43203 /* Assets.xcassets in Resources */,
			);
			runOnlyForDeploymentPostprocessing = 0;
		};
/* End PBXResourcesBuildPhase section */

/* Begin PBXSourcesBuildPhase section */
		F7713920249586B600B43203 /* Sources */ = {
			isa = PBXSourcesBuildPhase;
			buildActionMask = 2147483647;
			files = (
				F7713928249586B600B43203 /* AppDelegate.swift in Sources */,
				F771392A249586B600B43203 /* SceneDelegate.swift in Sources */,
				F771394024958E3C00B43203 /* CardView.swift in Sources */,
				F77139442495AB1200B43203 /* VectorMath.swift in Sources */,
				F771392C249586B600B43203 /* ContentView.swift in Sources */,
				F7713949249828AA00B43203 /* AllOperationsModel.swift in Sources */,
			);
			runOnlyForDeploymentPostprocessing = 0;
		};
/* End PBXSourcesBuildPhase section */

/* Begin PBXVariantGroup section */
		F7713932249586B700B43203 /* LaunchScreen.storyboard */ = {
			isa = PBXVariantGroup;
			children = (
				F7713933249586B700B43203 /* Base */,
			);
			name = LaunchScreen.storyboard;
			sourceTree = "<group>";
		};
/* End PBXVariantGroup section */

/* Begin XCBuildConfiguration section */
		F7713936249586B700B43203 /* Debug */ = {
			isa = XCBuildConfiguration;
			buildSettings = {
				ALWAYS_SEARCH_USER_PATHS = NO;
				CLANG_ANALYZER_NONNULL = YES;
				CLANG_ANALYZER_NUMBER_OBJECT_CONVERSION = YES_AGGRESSIVE;
				CLANG_CXX_LANGUAGE_STANDARD = "gnu++14";
				CLANG_CXX_LIBRARY = "libc++";
				CLANG_ENABLE_MODULES = YES;
				CLANG_ENABLE_OBJC_ARC = YES;
				CLANG_ENABLE_OBJC_WEAK = YES;
				CLANG_WARN_BLOCK_CAPTURE_AUTORELEASING = YES;
				CLANG_WARN_BOOL_CONVERSION = YES;
				CLANG_WARN_COMMA = YES;
				CLANG_WARN_CONSTANT_CONVERSION = YES;
				CLANG_WARN_DEPRECATED_OBJC_IMPLEMENTATIONS = YES;
				CLANG_WARN_DIRECT_OBJC_ISA_USAGE = YES_ERROR;
				CLANG_WARN_DOCUMENTATION_COMMENTS = YES;
				CLANG_WARN_EMPTY_BODY = YES;
				CLANG_WARN_ENUM_CONVERSION = YES;
				CLANG_WARN_INFINITE_RECURSION = YES;
				CLANG_WARN_INT_CONVERSION = YES;
				CLANG_WARN_NON_LITERAL_NULL_CONVERSION = YES;
				CLANG_WARN_OBJC_IMPLICIT_RETAIN_SELF = YES;
				CLANG_WARN_OBJC_LITERAL_CONVERSION = YES;
				CLANG_WARN_OBJC_ROOT_CLASS = YES_ERROR;
				CLANG_WARN_RANGE_LOOP_ANALYSIS = YES;
				CLANG_WARN_STRICT_PROTOTYPES = YES;
				CLANG_WARN_SUSPICIOUS_MOVE = YES;
				CLANG_WARN_UNGUARDED_AVAILABILITY = YES_AGGRESSIVE;
				CLANG_WARN_UNREACHABLE_CODE = YES;
				CLANG_WARN__DUPLICATE_METHOD_MATCH = YES;
				COPY_PHASE_STRIP = NO;
				DEBUG_INFORMATION_FORMAT = dwarf;
				ENABLE_STRICT_OBJC_MSGSEND = YES;
				ENABLE_TESTABILITY = YES;
				GCC_C_LANGUAGE_STANDARD = gnu11;
				GCC_DYNAMIC_NO_PIC = NO;
				GCC_NO_COMMON_BLOCKS = YES;
				GCC_OPTIMIZATION_LEVEL = 0;
				GCC_PREPROCESSOR_DEFINITIONS = (
					"DEBUG=1",
					"$(inherited)",
				);
				GCC_WARN_64_TO_32_BIT_CONVERSION = YES;
				GCC_WARN_ABOUT_RETURN_TYPE = YES_ERROR;
				GCC_WARN_UNDECLARED_SELECTOR = YES;
				GCC_WARN_UNINITIALIZED_AUTOS = YES_AGGRESSIVE;
				GCC_WARN_UNUSED_FUNCTION = YES;
				GCC_WARN_UNUSED_VARIABLE = YES;
				IPHONEOS_DEPLOYMENT_TARGET = 13.5;
				MTL_ENABLE_DEBUG_INFO = INCLUDE_SOURCE;
				MTL_FAST_MATH = YES;
				ONLY_ACTIVE_ARCH = YES;
				SDKROOT = iphoneos;
				SWIFT_ACTIVE_COMPILATION_CONDITIONS = DEBUG;
				SWIFT_OPTIMIZATION_LEVEL = "-Onone";
			};
			name = Debug;
		};
		F7713937249586B700B43203 /* Release */ = {
			isa = XCBuildConfiguration;
			buildSettings = {
				ALWAYS_SEARCH_USER_PATHS = NO;
				CLANG_ANALYZER_NONNULL = YES;
				CLANG_ANALYZER_NUMBER_OBJECT_CONVERSION = YES_AGGRESSIVE;
				CLANG_CXX_LANGUAGE_STANDARD = "gnu++14";
				CLANG_CXX_LIBRARY = "libc++";
				CLANG_ENABLE_MODULES = YES;
				CLANG_ENABLE_OBJC_ARC = YES;
				CLANG_ENABLE_OBJC_WEAK = YES;
				CLANG_WARN_BLOCK_CAPTURE_AUTORELEASING = YES;
				CLANG_WARN_BOOL_CONVERSION = YES;
				CLANG_WARN_COMMA = YES;
				CLANG_WARN_CONSTANT_CONVERSION = YES;
				CLANG_WARN_DEPRECATED_OBJC_IMPLEMENTATIONS = YES;
				CLANG_WARN_DIRECT_OBJC_ISA_USAGE = YES_ERROR;
				CLANG_WARN_DOCUMENTATION_COMMENTS = YES;
				CLANG_WARN_EMPTY_BODY = YES;
				CLANG_WARN_ENUM_CONVERSION = YES;
				CLANG_WARN_INFINITE_RECURSION = YES;
				CLANG_WARN_INT_CONVERSION = YES;
				CLANG_WARN_NON_LITERAL_NULL_CONVERSION = YES;
				CLANG_WARN_OBJC_IMPLICIT_RETAIN_SELF = YES;
				CLANG_WARN_OBJC_LITERAL_CONVERSION = YES;
				CLANG_WARN_OBJC_ROOT_CLASS = YES_ERROR;
				CLANG_WARN_RANGE_LOOP_ANALYSIS = YES;
				CLANG_WARN_STRICT_PROTOTYPES = YES;
				CLANG_WARN_SUSPICIOUS_MOVE = YES;
				CLANG_WARN_UNGUARDED_AVAILABILITY = YES_AGGRESSIVE;
				CLANG_WARN_UNREACHABLE_CODE = YES;
				CLANG_WARN__DUPLICATE_METHOD_MATCH = YES;
				COPY_PHASE_STRIP = NO;
				DEBUG_INFORMATION_FORMAT = "dwarf-with-dsym";
				ENABLE_NS_ASSERTIONS = NO;
				ENABLE_STRICT_OBJC_MSGSEND = YES;
				GCC_C_LANGUAGE_STANDARD = gnu11;
				GCC_NO_COMMON_BLOCKS = YES;
				GCC_WARN_64_TO_32_BIT_CONVERSION = YES;
				GCC_WARN_ABOUT_RETURN_TYPE = YES_ERROR;
				GCC_WARN_UNDECLARED_SELECTOR = YES;
				GCC_WARN_UNINITIALIZED_AUTOS = YES_AGGRESSIVE;
				GCC_WARN_UNUSED_FUNCTION = YES;
				GCC_WARN_UNUSED_VARIABLE = YES;
				IPHONEOS_DEPLOYMENT_TARGET = 13.5;
				MTL_ENABLE_DEBUG_INFO = NO;
				MTL_FAST_MATH = YES;
				SDKROOT = iphoneos;
				SWIFT_COMPILATION_MODE = wholemodule;
				SWIFT_OPTIMIZATION_LEVEL = "-O";
				VALIDATE_PRODUCT = YES;
			};
			name = Release;
		};
		F7713939249586B700B43203 /* Debug */ = {
			isa = XCBuildConfiguration;
			buildSettings = {
				ASSETCATALOG_COMPILER_APPICON_NAME = AppIcon;
				CODE_SIGN_STYLE = Automatic;
				DEVELOPMENT_ASSET_PATHS = "\"ECE564_Project/Preview Content\"";
				ENABLE_PREVIEWS = YES;
				INFOPLIST_FILE = ECE564_Project/Info.plist;
				LD_RUNPATH_SEARCH_PATHS = (
					"$(inherited)",
					"@executable_path/Frameworks",
				);
				PRODUCT_BUNDLE_IDENTIFIER = "edu.duke.ECE564.ECE564-Project";
				PRODUCT_NAME = "$(TARGET_NAME)";
				SWIFT_VERSION = 5.0;
				TARGETED_DEVICE_FAMILY = "1,2";
			};
			name = Debug;
		};
		F771393A249586B700B43203 /* Release */ = {
			isa = XCBuildConfiguration;
			buildSettings = {
				ASSETCATALOG_COMPILER_APPICON_NAME = AppIcon;
				CODE_SIGN_STYLE = Automatic;
				DEVELOPMENT_ASSET_PATHS = "\"ECE564_Project/Preview Content\"";
				ENABLE_PREVIEWS = YES;
				INFOPLIST_FILE = ECE564_Project/Info.plist;
				LD_RUNPATH_SEARCH_PATHS = (
					"$(inherited)",
					"@executable_path/Frameworks",
				);
				PRODUCT_BUNDLE_IDENTIFIER = "edu.duke.ECE564.ECE564-Project";
				PRODUCT_NAME = "$(TARGET_NAME)";
				SWIFT_VERSION = 5.0;
				TARGETED_DEVICE_FAMILY = "1,2";
			};
			name = Release;
		};
/* End XCBuildConfiguration section */

/* Begin XCConfigurationList section */
		F771391F249586B600B43203 /* Build configuration list for PBXProject "ECE564_Project" */ = {
			isa = XCConfigurationList;
			buildConfigurations = (
				F7713936249586B700B43203 /* Debug */,
				F7713937249586B700B43203 /* Release */,
			);
			defaultConfigurationIsVisible = 0;
			defaultConfigurationName = Release;
		};
		F7713938249586B700B43203 /* Build configuration list for PBXNativeTarget "ECE564_Project" */ = {
			isa = XCConfigurationList;
			buildConfigurations = (
				F7713939249586B700B43203 /* Debug */,
				F771393A249586B700B43203 /* Release */,
			);
			defaultConfigurationIsVisible = 0;
			defaultConfigurationName = Release;
		};
/* End XCConfigurationList section */

/* Begin XCRemoteSwiftPackageReference section */
		F77139452495B49800B43203 /* XCRemoteSwiftPackageReference "Surge" */ = {
			isa = XCRemoteSwiftPackageReference;
			repositoryURL = "https://github.com/Jounce/Surge.git";
			requirement = {
				kind = upToNextMajorVersion;
				minimumVersion = 2.3.0;
			};
		};
/* End XCRemoteSwiftPackageReference section */

/* Begin XCSwiftPackageProductDependency section */
		F77139462495B49800B43203 /* Surge */ = {
			isa = XCSwiftPackageProductDependency;
			package = F77139452495B49800B43203 /* XCRemoteSwiftPackageReference "Surge" */;
			productName = Surge;
		};
/* End XCSwiftPackageProductDependency section */
	};
	rootObject = F771391C249586B600B43203 /* Project object */;
}
